
Microsoft Visual Studio Solution File, Format Version 12.00
# Visual Studio Version 16
VisualStudioVersion = 16.0.31729.503
MinimumVisualStudioVersion = 10.0.40219.1
Project("{9A19103F-16F7-4668-BE54-9A1E7A4F7556}") = "Breakout", "Testjeux\Breakout.csproj", "{B2B48443-45E2-4A54-AA21-2470E930FC5A}"
EndProject
Global
	GlobalSection(SolutionConfigurationPlatforms) = preSolution
		Debug|Any CPU = Debug|Any CPU
		Release|Any CPU = Release|Any CPU
	EndGlobalSection
	GlobalSection(ProjectConfigurationPlatforms) = postSolution
		{B2B48443-45E2-4A54-AA21-2470E930FC5A}.Debug|Any CPU.ActiveCfg = Debug|Any CPU
		{B2B48443-45E2-4A54-AA21-2470E930FC5A}.Debug|Any CPU.Build.0 = Debug|Any CPU
		{B2B48443-45E2-4A54-AA21-2470E930FC5A}.Release|Any CPU.ActiveCfg = Release|Any CPU
		{B2B48443-45E2-4A54-AA21-2470E930FC5A}.Release|Any CPU.Build.0 = Release|Any CPU
	EndGlobalSection
	GlobalSection(SolutionProperties) = preSolution
		HideSolutionNode = FALSE
	EndGlobalSection
	GlobalSection(ExtensibilityGlobals) = postSolution
		SolutionGuid = {45B95720-02EE-4195-9973-456EF0B8A6D2}
	EndGlobalSection
EndGlobal
